{
  "requires": true,
  "lockfileVersion": 1,
  "dependencies": {
    "react-native-background-timer": {
      "version": "2.0.0",
      "resolved": "https://registry.npmjs.org/react-native-background-timer/-/react-native-background-timer-2.0.0.tgz",
      "integrity": "sha512-vLNJIedXQZN4p3ChFsAgVHacnJqQMnLl+wBsnZuliRkmsjEHo8kQOA9fnLih/OoiDi1O3eHQvXC5L8f+RYiKgw=="
    }
  }
}
